// !$*UTF8*$!
{
	archiveVersion = 1;
	classes = {
	};
	objectVersion = 46;
	objects = {

/* Begin PBXBuildFile section */
		41193B1B1B0D5AF900494272 /* TLItemsTableViewController.m in Sources */ = {isa = PBXBuildFile; fileRef = 41193B1A1B0D5AF900494272 /* TLItemsTableViewController.m */; };
		41193B1E1B0D5B6F00494272 /* TLItemTableViewCell.m in Sources */ = {isa = PBXBuildFile; fileRef = 41193B1D1B0D5B6F00494272 /* TLItemTableViewCell.m */; };
		41193B211B0D5CA600494272 /* Model.xcdatamodeld in Sources */ = {isa = PBXBuildFile; fileRef = 41193B1F1B0D5CA600494272 /* Model.xcdatamodeld */; };
		41193B241B0D5E1E00494272 /* Item.m in Sources */ = {isa = PBXBuildFile; fileRef = 41193B231B0D5E1E00494272 /* Item.m */; };
		418148031B0C1345000D9631 /* main.m in Sources */ = {isa = PBXBuildFile; fileRef = 418148021B0C1345000D9631 /* main.m */; };
		418148061B0C1345000D9631 /* AppDelegate.m in Sources */ = {isa = PBXBuildFile; fileRef = 418148051B0C1345000D9631 /* AppDelegate.m */; };
		4181480C1B0C1345000D9631 /* Main.storyboard in Resources */ = {isa = PBXBuildFile; fileRef = 4181480A1B0C1345000D9631 /* Main.storyboard */; };
		4181480E1B0C1345000D9631 /* Images.xcassets in Resources */ = {isa = PBXBuildFile; fileRef = 4181480D1B0C1345000D9631 /* Images.xcassets */; };
		418148111B0C1345000D9631 /* LaunchScreen.xib in Resources */ = {isa = PBXBuildFile; fileRef = 4181480F1B0C1345000D9631 /* LaunchScreen.xib */; };
		4181481D1B0C1345000D9631 /* TodoListTests.m in Sources */ = {isa = PBXBuildFile; fileRef = 4181481C1B0C1345000D9631 /* TodoListTests.m */; };
/* End PBXBuildFile section */

/* Begin PBXContainerItemProxy section */
		418148171B0C1345000D9631 /* PBXContainerItemProxy */ = {
			isa = PBXContainerItemProxy;
			containerPortal = 418147F51B0C1345000D9631 /* Project object */;
			proxyType = 1;
			remoteGlobalIDString = 418147FC1B0C1345000D9631;
			remoteInfo = TodoList;
		};
/* End PBXContainerItemProxy section */

/* Begin PBXFileReference section */
		41193B191B0D5AF900494272 /* TLItemsTableViewController.h */ = {isa = PBXFileReference; fileEncoding = 4; lastKnownFileType = sourcecode.c.h; path = TLItemsTableViewController.h; sourceTree = "<group>"; };
		41193B1A1B0D5AF900494272 /* TLItemsTableViewController.m */ = {isa = PBXFileReference; fileEncoding = 4; lastKnownFileType = sourcecode.c.objc; path = TLItemsTableViewController.m; sourceTree = "<group>"; };
		41193B1C1B0D5B6F00494272 /* TLItemTableViewCell.h */ = {isa = PBXFileReference; fileEncoding = 4; lastKnownFileType = sourcecode.c.h; path = TLItemTableViewCell.h; sourceTree = "<group>"; };
		41193B1D1B0D5B6F00494272 /* TLItemTableViewCell.m */ = {isa = PBXFileReference; fileEncoding = 4; lastKnownFileType = sourcecode.c.objc; path = TLItemTableViewCell.m; sourceTree = "<group>"; };
		41193B201B0D5CA600494272 /* Model.xcdatamodel */ = {isa = PBXFileReference; lastKnownFileType = wrapper.xcdatamodel; path = Model.xcdatamodel; sourceTree = "<group>"; };
		41193B221B0D5E1E00494272 /* Item.h */ = {isa = PBXFileReference; fileEncoding = 4; lastKnownFileType = sourcecode.c.h; path = Item.h; sourceTree = "<group>"; };
		41193B231B0D5E1E00494272 /* Item.m */ = {isa = PBXFileReference; fileEncoding = 4; lastKnownFileType = sourcecode.c.objc; path = Item.m; sourceTree = "<group>"; };
		418147FD1B0C1345000D9631 /* TodoList.app */ = {isa = PBXFileReference; explicitFileType = wrapper.application; includeInIndex = 0; path = TodoList.app; sourceTree = BUILT_PRODUCTS_DIR; };
		418148011B0C1345000D9631 /* Info.plist */ = {isa = PBXFileReference; lastKnownFileType = text.plist.xml; path = Info.plist; sourceTree = "<group>"; };
		418148021B0C1345000D9631 /* main.m */ = {isa = PBXFileReference; lastKnownFileType = sourcecode.c.objc; path = main.m; sourceTree = "<group>"; };
		418148041B0C1345000D9631 /* AppDelegate.h */ = {isa = PBXFileReference; lastKnownFileType = sourcecode.c.h; path = AppDelegate.h; sourceTree = "<group>"; };
		418148051B0C1345000D9631 /* AppDelegate.m */ = {isa = PBXFileReference; lastKnownFileType = sourcecode.c.objc; path = AppDelegate.m; sourceTree = "<group>"; };
		4181480B1B0C1345000D9631 /* Base */ = {isa = PBXFileReference; lastKnownFileType = file.storyboard; name = Base; path = Base.lproj/Main.storyboard; sourceTree = "<group>"; };
		4181480D1B0C1345000D9631 /* Images.xcassets */ = {isa = PBXFileReference; lastKnownFileType = folder.assetcatalog; path = Images.xcassets; sourceTree = "<group>"; };
		418148101B0C1345000D9631 /* Base */ = {isa = PBXFileReference; lastKnownFileType = file.xib; name = Base; path = Base.lproj/LaunchScreen.xib; sourceTree = "<group>"; };
		418148161B0C1345000D9631 /* TodoListTests.xctest */ = {isa = PBXFileReference; explicitFileType = wrapper.cfbundle; includeInIndex = 0; path = TodoListTests.xctest; sourceTree = BUILT_PRODUCTS_DIR; };
		4181481B1B0C1345000D9631 /* Info.plist */ = {isa = PBXFileReference; lastKnownFileType = text.plist.xml; path = Info.plist; sourceTree = "<group>"; };
		4181481C1B0C1345000D9631 /* TodoListTests.m */ = {isa = PBXFileReference; lastKnownFileType = sourcecode.c.objc; path = TodoListTests.m; sourceTree = "<group>"; };
/* End PBXFileReference section */

/* Begin PBXFrameworksBuildPhase section */
		418147FA1B0C1345000D9631 /* Frameworks */ = {
			isa = PBXFrameworksBuildPhase;
			buildActionMask = 2147483647;
			files = (
			);
			runOnlyForDeploymentPostprocessing = 0;
		};
		418148131B0C1345000D9631 /* Frameworks */ = {
			isa = PBXFrameworksBuildPhase;
			buildActionMask = 2147483647;
			files = (
			);
			runOnlyForDeploymentPostprocessing = 0;
		};
/* End PBXFrameworksBuildPhase section */

/* Begin PBXGroup section */
		41193B161B0D5A3600494272 /* Controller */ = {
			isa = PBXGroup;
			children = (
				41193B191B0D5AF900494272 /* TLItemsTableViewController.h */,
				41193B1A1B0D5AF900494272 /* TLItemsTableViewController.m */,
			);
			name = Controller;
			sourceTree = "<group>";
		};
		41193B171B0D5A3E00494272 /* Model */ = {
			isa = PBXGroup;
			children = (
				41193B1F1B0D5CA600494272 /* Model.xcdatamodeld */,
				41193B221B0D5E1E00494272 /* Item.h */,
				41193B231B0D5E1E00494272 /* Item.m */,
			);
			name = Model;
			sourceTree = "<group>";
		};
		41193B181B0D5A4300494272 /* View */ = {
			isa = PBXGroup;
			children = (
				41193B1C1B0D5B6F00494272 /* TLItemTableViewCell.h */,
				41193B1D1B0D5B6F00494272 /* TLItemTableViewCell.m */,
			);
			name = View;
			sourceTree = "<group>";
		};
		418147F41B0C1345000D9631 = {
			isa = PBXGroup;
			children = (
				418147FF1B0C1345000D9631 /* TodoList */,
				418148191B0C1345000D9631 /* TodoListTests */,
				418147FE1B0C1345000D9631 /* Products */,
			);
			sourceTree = "<group>";
		};
		418147FE1B0C1345000D9631 /* Products */ = {
			isa = PBXGroup;
			children = (
				418147FD1B0C1345000D9631 /* TodoList.app */,
				418148161B0C1345000D9631 /* TodoListTests.xctest */,
			);
			name = Products;
			sourceTree = "<group>";
		};
		418147FF1B0C1345000D9631 /* TodoList */ = {
			isa = PBXGroup;
			children = (
				418148041B0C1345000D9631 /* AppDelegate.h */,
				418148051B0C1345000D9631 /* AppDelegate.m */,
				4181480A1B0C1345000D9631 /* Main.storyboard */,
				4181480D1B0C1345000D9631 /* Images.xcassets */,
				4181480F1B0C1345000D9631 /* LaunchScreen.xib */,
				41193B181B0D5A4300494272 /* View */,
				41193B171B0D5A3E00494272 /* Model */,
				41193B161B0D5A3600494272 /* Controller */,
				418148001B0C1345000D9631 /* Supporting Files */,
			);
			path = TodoList;
			sourceTree = "<group>";
		};
		418148001B0C1345000D9631 /* Supporting Files */ = {
			isa = PBXGroup;
			children = (
				418148011B0C1345000D9631 /* Info.plist */,
				418148021B0C1345000D9631 /* main.m */,
			);
			name = "Supporting Files";
			sourceTree = "<group>";
		};
		418148191B0C1345000D9631 /* TodoListTests */ = {
			isa = PBXGroup;
			children = (
				4181481C1B0C1345000D9631 /* TodoListTests.m */,
				4181481A1B0C1345000D9631 /* Supporting Files */,
			);
			path = TodoListTests;
			sourceTree = "<group>";
		};
		4181481A1B0C1345000D9631 /* Supporting Files */ = {
			isa = PBXGroup;
			children = (
				4181481B1B0C1345000D9631 /* Info.plist */,
			);
			name = "Supporting Files";
			sourceTree = "<group>";
		};
/* End PBXGroup section */

/* Begin PBXNativeTarget section */
		418147FC1B0C1345000D9631 /* TodoList */ = {
			isa = PBXNativeTarget;
			buildConfigurationList = 418148201B0C1345000D9631 /* Build configuration list for PBXNativeTarget "TodoList" */;
			buildPhases = (
				418147F91B0C1345000D9631 /* Sources */,
				418147FA1B0C1345000D9631 /* Frameworks */,
				418147FB1B0C1345000D9631 /* Resources */,
			);
			buildRules = (
			);
			dependencies = (
			);
			name = TodoList;
			productName = TodoList;
			productReference = 418147FD1B0C1345000D9631 /* TodoList.app */;
			productType = "com.apple.product-type.application";
		};
		418148151B0C1345000D9631 /* TodoListTests */ = {
			isa = PBXNativeTarget;
			buildConfigurationList = 418148231B0C1345000D9631 /* Build configuration list for PBXNativeTarget "TodoListTests" */;
			buildPhases = (
				418148121B0C1345000D9631 /* Sources */,
				418148131B0C1345000D9631 /* Frameworks */,
				418148141B0C1345000D9631 /* Resources */,
			);
			buildRules = (
			);
			dependencies = (
				418148181B0C1345000D9631 /* PBXTargetDependency */,
			);
			name = TodoListTests;
			productName = TodoListTests;
			productReference = 418148161B0C1345000D9631 /* TodoListTests.xctest */;
			productType = "com.apple.product-type.bundle.unit-test";
		};
/* End PBXNativeTarget section */

/* Begin PBXProject section */
		418147F51B0C1345000D9631 /* Project object */ = {
			isa = PBXProject;
			attributes = {
				LastUpgradeCheck = 0630;
				ORGANIZATIONNAME = "Davor Franzua";
				TargetAttributes = {
					418147FC1B0C1345000D9631 = {
						CreatedOnToolsVersion = 6.3.1;
					};
					418148151B0C1345000D9631 = {
						CreatedOnToolsVersion = 6.3.1;
						TestTargetID = 418147FC1B0C1345000D9631;
					};
				};
			};
			buildConfigurationList = 418147F81B0C1345000D9631 /* Build configuration list for PBXProject "TodoList" */;
			compatibilityVersion = "Xcode 3.2";
			developmentRegion = English;
			hasScannedForEncodings = 0;
			knownRegions = (
				en,
				Base,
			);
			mainGroup = 418147F41B0C1345000D9631;
			productRefGroup = 418147FE1B0C1345000D9631 /* Products */;
			projectDirPath = "";
			projectRoot = "";
			targets = (
				418147FC1B0C1345000D9631 /* TodoList */,
				418148151B0C1345000D9631 /* TodoListTests */,
			);
		};
/* End PBXProject section */

/* Begin PBXResourcesBuildPhase section */
		418147FB1B0C1345000D9631 /* Resources */ = {
			isa = PBXResourcesBuildPhase;
			buildActionMask = 2147483647;
			files = (
				4181480C1B0C1345000D9631 /* Main.storyboard in Resources */,
				418148111B0C1345000D9631 /* LaunchScreen.xib in Resources */,
				4181480E1B0C1345000D9631 /* Images.xcassets in Resources */,
			);
			runOnlyForDeploymentPostprocessing = 0;
		};
		418148141B0C1345000D9631 /* Resources */ = {
			isa = PBXResourcesBuildPhase;
			buildActionMask = 2147483647;
			files = (
			);
			runOnlyForDeploymentPostprocessing = 0;
		};
/* End PBXResourcesBuildPhase section */

/* Begin PBXSourcesBuildPhase section */
		418147F91B0C1345000D9631 /* Sources */ = {
			isa = PBXSourcesBuildPhase;
			buildActionMask = 2147483647;
			files = (
				41193B241B0D5E1E00494272 /* Item.m in Sources */,
				418148061B0C1345000D9631 /* AppDelegate.m in Sources */,
				41193B1B1B0D5AF900494272 /* TLItemsTableViewController.m in Sources */,
				41193B211B0D5CA600494272 /* Model.xcdatamodeld in Sources */,
				41193B1E1B0D5B6F00494272 /* TLItemTableViewCell.m in Sources */,
				418148031B0C1345000D9631 /* main.m in Sources */,
			);
			runOnlyForDeploymentPostprocessing = 0;
		};
		418148121B0C1345000D9631 /* Sources */ = {
			isa = PBXSourcesBuildPhase;
			buildActionMask = 2147483647;
			files = (
				4181481D1B0C1345000D9631 /* TodoListTests.m in Sources */,
			);
			runOnlyForDeploymentPostprocessing = 0;
		};
/* End PBXSourcesBuildPhase section */

/* Begin PBXTargetDependency section */
		418148181B0C1345000D9631 /* PBXTargetDependency */ = {
			isa = PBXTargetDependency;
			target = 418147FC1B0C1345000D9631 /* TodoList */;
			targetProxy = 418148171B0C1345000D9631 /* PBXContainerItemProxy */;
		};
/* End PBXTargetDependency section */

/* Begin PBXVariantGroup section */
		4181480A1B0C1345000D9631 /* Main.storyboard */ = {
			isa = PBXVariantGroup;
			children = (
				4181480B1B0C1345000D9631 /* Base */,
			);
			name = Main.storyboard;
			sourceTree = "<group>";
		};
		4181480F1B0C1345000D9631 /* LaunchScreen.xib */ = {
			isa = PBXVariantGroup;
			children = (
				418148101B0C1345000D9631 /* Base */,
			);
			name = LaunchScreen.xib;
			sourceTree = "<group>";
		};
/* End PBXVariantGroup section */

/* Begin XCBuildConfiguration section */
		4181481E1B0C1345000D9631 /* Debug */ = {
			isa = XCBuildConfiguration;
			buildSettings = {
				ALWAYS_SEARCH_USER_PATHS = NO;
				CLANG_CXX_LANGUAGE_STANDARD = "gnu++0x";
				CLANG_CXX_LIBRARY = "libc++";
				CLANG_ENABLE_MODULES = YES;
				CLANG_ENABLE_OBJC_ARC = YES;
				CLANG_WARN_BOOL_CONVERSION = YES;
				CLANG_WARN_CONSTANT_CONVERSION = YES;
				CLANG_WARN_DIRECT_OBJC_ISA_USAGE = YES_ERROR;
				CLANG_WARN_EMPTY_BODY = YES;
				CLANG_WARN_ENUM_CONVERSION = YES;
				CLANG_WARN_INT_CONVERSION = YES;
				CLANG_WARN_OBJC_ROOT_CLASS = YES_ERROR;
				CLANG_WARN_UNREACHABLE_CODE = YES;
				CLANG_WARN__DUPLICATE_METHOD_MATCH = YES;
				"CODE_SIGN_IDENTITY[sdk=iphoneos*]" = "iPhone Developer";
				COPY_PHASE_STRIP = NO;
				DEBUG_INFORMATION_FORMAT = "dwarf-with-dsym";
				ENABLE_STRICT_OBJC_MSGSEND = YES;
				GCC_C_LANGUAGE_STANDARD = gnu99;
				GCC_DYNAMIC_NO_PIC = NO;
				GCC_NO_COMMON_BLOCKS = YES;
				GCC_OPTIMIZATION_LEVEL = 0;
				GCC_PREPROCESSOR_DEFINITIONS = (
					"DEBUG=1",
					"$(inherited)",
				);
				GCC_SYMBOLS_PRIVATE_EXTERN = NO;
				GCC_WARN_64_TO_32_BIT_CONVERSION = YES;
				GCC_WARN_ABOUT_RETURN_TYPE = YES_ERROR;
				GCC_WARN_UNDECLARED_SELECTOR = YES;
				GCC_WARN_UNINITIALIZED_AUTOS = YES_AGGRESSIVE;
				GCC_WARN_UNUSED_FUNCTION = YES;
				GCC_WARN_UNUSED_VARIABLE = YES;
				IPHONEOS_DEPLOYMENT_TARGET = 8.3;
				MTL_ENABLE_DEBUG_INFO = YES;
				ONLY_ACTIVE_ARCH = YES;
				SDKROOT = iphoneos;
			};
			name = Debug;
		};
		4181481F1B0C1345000D9631 /* Release */ = {
			isa = XCBuildConfiguration;
			buildSettings = {
				ALWAYS_SEARCH_USER_PATHS = NO;
				CLANG_CXX_LANGUAGE_STANDARD = "gnu++0x";
				CLANG_CXX_LIBRARY = "libc++";
				CLANG_ENABLE_MODULES = YES;
				CLANG_ENABLE_OBJC_ARC = YES;
				CLANG_WARN_BOOL_CONVERSION = YES;
				CLANG_WARN_CONSTANT_CONVERSION = YES;
				CLANG_WARN_DIRECT_OBJC_ISA_USAGE = YES_ERROR;
				CLANG_WARN_EMPTY_BODY = YES;
				CLANG_WARN_ENUM_CONVERSION = YES;
				CLANG_WARN_INT_CONVERSION = YES;
				CLANG_WARN_OBJC_ROOT_CLASS = YES_ERROR;
				CLANG_WARN_UNREACHABLE_CODE = YES;
				CLANG_WARN__DUPLICATE_METHOD_MATCH = YES;
				"CODE_SIGN_IDENTITY[sdk=iphoneos*]" = "iPhone Developer";
				COPY_PHASE_STRIP = NO;
				DEBUG_INFORMATION_FORMAT = "dwarf-with-dsym";
				ENABLE_NS_ASSERTIONS = NO;
				ENABLE_STRICT_OBJC_MSGSEND = YES;
				GCC_C_LANGUAGE_STANDARD = gnu99;
				GCC_NO_COMMON_BLOCKS = YES;
				GCC_WARN_64_TO_32_BIT_CONVERSION = YES;
				GCC_WARN_ABOUT_RETURN_TYPE = YES_ERROR;
				GCC_WARN_UNDECLARED_SELECTOR = YES;
				GCC_WARN_UNINITIALIZED_AUTOS = YES_AGGRESSIVE;
				GCC_WARN_UNUSED_FUNCTION = YES;
				GCC_WARN_UNUSED_VARIABLE = YES;
				IPHONEOS_DEPLOYMENT_TARGET = 8.3;
				MTL_ENABLE_DEBUG_INFO = NO;
				SDKROOT = iphoneos;
				VALIDATE_PRODUCT = YES;
			};
			name = Release;
		};
		418148211B0C1345000D9631 /* Debug */ = {
			isa = XCBuildConfiguration;
			buildSettings = {
				ASSETCATALOG_COMPILER_APPICON_NAME = AppIcon;
				INFOPLIST_FILE = TodoList/Info.plist;
				LD_RUNPATH_SEARCH_PATHS = "$(inherited) @executable_path/Frameworks";
				PRODUCT_NAME = "$(TARGET_NAME)";
			};
			name = Debug;
		};
		418148221B0C1345000D9631 /* Release */ = {
			isa = XCBuildConfiguration;
			buildSettings = {
				ASSETCATALOG_COMPILER_APPICON_NAME = AppIcon;
				INFOPLIST_FILE = TodoList/Info.plist;
				LD_RUNPATH_SEARCH_PATHS = "$(inherited) @executable_path/Frameworks";
				PRODUCT_NAME = "$(TARGET_NAME)";
			};
			name = Release;
		};
		418148241B0C1345000D9631 /* Debug */ = {
			isa = XCBuildConfiguration;
			buildSettings = {
				BUNDLE_LOADER = "$(TEST_HOST)";
				FRAMEWORK_SEARCH_PATHS = (
					"$(SDKROOT)/Developer/Library/Frameworks",
					"$(inherited)",
				);
				GCC_PREPROCESSOR_DEFINITIONS = (
					"DEBUG=1",
					"$(inherited)",
				);
				INFOPLIST_FILE = TodoListTests/Info.plist;
				LD_RUNPATH_SEARCH_PATHS = "$(inherited) @executable_path/Frameworks @loader_path/Frameworks";
				PRODUCT_NAME = "$(TARGET_NAME)";
				TEST_HOST = "$(BUILT_PRODUCTS_DIR)/TodoList.app/TodoList";
			};
			name = Debug;
		};
		418148251B0C1345000D9631 /* Release */ = {
			isa = XCBuildConfiguration;
			buildSettings = {
				BUNDLE_LOADER = "$(TEST_HOST)";
				FRAMEWORK_SEARCH_PATHS = (
					"$(SDKROOT)/Developer/Library/Frameworks",
					"$(inherited)",
				);
				INFOPLIST_FILE = TodoListTests/Info.plist;
				LD_RUNPATH_SEARCH_PATHS = "$(inherited) @executable_path/Frameworks @loader_path/Frameworks";
				PRODUCT_NAME = "$(TARGET_NAME)";
				TEST_HOST = "$(BUILT_PRODUCTS_DIR)/TodoList.app/TodoList";
			};
			name = Release;
		};
/* End XCBuildConfiguration section */

/* Begin XCConfigurationList section */
		418147F81B0C1345000D9631 /* Build configuration list for PBXProject "TodoList" */ = {
			isa = XCConfigurationList;
			buildConfigurations = (
				4181481E1B0C1345000D9631 /* Debug */,
				4181481F1B0C1345000D9631 /* Release */,
			);
			defaultConfigurationIsVisible = 0;
			defaultConfigurationName = Release;
		};
		418148201B0C1345000D9631 /* Build configuration list for PBXNativeTarget "TodoList" */ = {
			isa = XCConfigurationList;
			buildConfigurations = (
				418148211B0C1345000D9631 /* Debug */,
				418148221B0C1345000D9631 /* Release */,
			);
			defaultConfigurationIsVisible = 0;
			defaultConfigurationName = Release;
		};
		418148231B0C1345000D9631 /* Build configuration list for PBXNativeTarget "TodoListTests" */ = {
			isa = XCConfigurationList;
			buildConfigurations = (
				418148241B0C1345000D9631 /* Debug */,
				418148251B0C1345000D9631 /* Release */,
			);
			defaultConfigurationIsVisible = 0;
			defaultConfigurationName = Release;
		};
/* End XCConfigurationList section */

/* Begin XCVersionGroup section */
		41193B1F1B0D5CA600494272 /* Model.xcdatamodeld */ = {
			isa = XCVersionGroup;
			children = (
				41193B201B0D5CA600494272 /* Model.xcdatamodel */,
			);
			currentVersion = 41193B201B0D5CA600494272 /* Model.xcdatamodel */;
			path = Model.xcdatamodeld;
			sourceTree = "<group>";
			versionGroupType = wrapper.xcdatamodel;
		};
/* End XCVersionGroup section */
	};
	rootObject = 418147F51B0C1345000D9631 /* Project object */;
}
